
Microsoft Visual Studio Solution File, Format Version 12.00
# Visual Studio Version 17
VisualStudioVersion = 17.2.32630.192
MinimumVisualStudioVersion = 10.0.40219.1
Project("{FAE04EC0-301F-11D3-BF4B-00C04F79EFBC}") = "PJogo_Da_Velha", "PJogo_Da_Velha\PJogo_Da_Velha.csproj", "{0ED09D0C-6DB8-491E-B446-7D74C373BE58}"
EndProject
Global
	GlobalSection(SolutionConfigurationPlatforms) = preSolution
		Debug|Any CPU = Debug|Any CPU
		Release|Any CPU = Release|Any CPU
	EndGlobalSection
	GlobalSection(ProjectConfigurationPlatforms) = postSolution
		{0ED09D0C-6DB8-491E-B446-7D74C373BE58}.Debug|Any CPU.ActiveCfg = Debug|Any CPU
		{0ED09D0C-6DB8-491E-B446-7D74C373BE58}.Debug|Any CPU.Build.0 = Debug|Any CPU
		{0ED09D0C-6DB8-491E-B446-7D74C373BE58}.Release|Any CPU.ActiveCfg = Release|Any CPU
		{0ED09D0C-6DB8-491E-B446-7D74C373BE58}.Release|Any CPU.Build.0 = Release|Any CPU
	EndGlobalSection
	GlobalSection(SolutionProperties) = preSolution
		HideSolutionNode = FALSE
	EndGlobalSection
	GlobalSection(ExtensibilityGlobals) = postSolution
		SolutionGuid = {C94D5D61-D136-4FEF-8B36-1A922DC30FE3}
	EndGlobalSection
EndGlobal
